
Microsoft Visual Studio Solution File, Format Version 12.00
# Visual Studio Version 17
Project("{2150E333-8FDC-42A3-9474-1A3956D46DE8}") = "Launchers", "Launchers", "{F1ABF109-5D37-5FCE-6648-E2C2D252BBCE}"
EndProject
Project("{8BC9CEB8-8B4A-11D0-8D11-00A0C91BC942}") = "Launcher", "Source\Launcher\Launcher.vcxproj", "{57ACF9E2-4379-54EE-6C92-429658BE897C}"
EndProject
Project("{2150E333-8FDC-42A3-9474-1A3956D46DE8}") = "Core", "Core", "{15A0C35D-0158-05AB-6A5F-DE065636A09B}"
EndProject
Project("{8BC9CEB8-8B4A-11D0-8D11-00A0C91BC942}") = "Engine", "Source\Engine\Engine.vcxproj", "{DBC7D3B0-C769-FE86-B024-12DB9C6585D7}"
	ProjectSection(ProjectDependencies) = postProject
		{32DFA3DE-9E16-EC75-A720-509913D7126F} = {32DFA3DE-9E16-EC75-A720-509913D7126F}
	EndProjectSection
EndProject
Project("{2150E333-8FDC-42A3-9474-1A3956D46DE8}") = "External", "External", "{6F244A6A-5BF2-3D70-4486-AE9630F319D5}"
EndProject
Project("{8BC9CEB8-8B4A-11D0-8D11-00A0C91BC942}") = "dearimgui", "Generated\local\dearimgui.vcxproj", "{7C6018E5-E8CA-CC5B-3109-7E019DB2AAB0}"
EndProject
Project("{2150E333-8FDC-42A3-9474-1A3956D46DE8}") = "Game", "Game", "{6695C55D-524D-07AB-BB54-E006A72BA29B}"
EndProject
Project("{8BC9CEB8-8B4A-11D0-8D11-00A0C91BC942}") = "Game", "Source\Game\Game.vcxproj", "{7FA9857C-6BE0-860D-14CD-6C1000E3020F}"
	ProjectSection(ProjectDependencies) = postProject
		{32DFA3DE-9E16-EC75-A720-509913D7126F} = {32DFA3DE-9E16-EC75-A720-509913D7126F}
	EndProjectSection
EndProject
Project("{2150E333-8FDC-42A3-9474-1A3956D46DE8}") = "Utilities", "Utilities", "{487E420B-B409-B0CF-BD1A-33C429250CD0}"
EndProject
Project("{2150E333-8FDC-42A3-9474-1A3956D46DE8}") = "Engine_ResourceHandling", "Engine_ResourceHandling", "{D9163517-45A6-F601-4EA2-D719BAB0310E}"
EndProject
Project("{8BC9CEB8-8B4A-11D0-8D11-00A0C91BC942}") = "Engine_ResourceHandling", "Source\Engine_ResourceHandling\Engine_ResourceHandling.vcxproj", "{A734B47A-136C-FC11-1C76-6035882C230B}"
EndProject
Project("{8BC9CEB8-8B4A-11D0-8D11-00A0C91BC942}") = "ReflectionCodeGenerator", "Source\ReflectionCodeGenerator\ReflectionCodeGenerator.vcxproj", "{32DFA3DE-9E16-EC75-A720-509913D7126F}"
EndProject
Project("{8BC9CEB8-8B4A-11D0-8D11-00A0C91BC942}") = "Shared", "Source\Shared\Shared.vcxproj", "{7C480CD1-68EA-36A7-51A5-4AFB3DE6BDF7}"
EndProject
Global
	GlobalSection(SolutionConfigurationPlatforms) = preSolution
		Debug|OSX = Debug|OSX
		Debug|Windows = Debug|Windows
		Production|OSX = Production|OSX
		Production|Windows = Production|Windows
		Release|OSX = Release|OSX
		Release|Windows = Release|Windows
	EndGlobalSection
	GlobalSection(ProjectConfigurationPlatforms) = postSolution
		{57ACF9E2-4379-54EE-6C92-429658BE897C}.Debug|OSX.ActiveCfg = Debug OSX|x64
		{57ACF9E2-4379-54EE-6C92-429658BE897C}.Debug|OSX.Build.0 = Debug OSX|x64
		{57ACF9E2-4379-54EE-6C92-429658BE897C}.Debug|Windows.ActiveCfg = Debug Windows|x64
		{57ACF9E2-4379-54EE-6C92-429658BE897C}.Debug|Windows.Build.0 = Debug Windows|x64
		{57ACF9E2-4379-54EE-6C92-429658BE897C}.Production|OSX.ActiveCfg = Production OSX|x64
		{57ACF9E2-4379-54EE-6C92-429658BE897C}.Production|OSX.Build.0 = Production OSX|x64
		{57ACF9E2-4379-54EE-6C92-429658BE897C}.Production|Windows.ActiveCfg = Production Windows|x64
		{57ACF9E2-4379-54EE-6C92-429658BE897C}.Production|Windows.Build.0 = Production Windows|x64
		{57ACF9E2-4379-54EE-6C92-429658BE897C}.Release|OSX.ActiveCfg = Release OSX|x64
		{57ACF9E2-4379-54EE-6C92-429658BE897C}.Release|OSX.Build.0 = Release OSX|x64
		{57ACF9E2-4379-54EE-6C92-429658BE897C}.Release|Windows.ActiveCfg = Release Windows|x64
		{57ACF9E2-4379-54EE-6C92-429658BE897C}.Release|Windows.Build.0 = Release Windows|x64
		{DBC7D3B0-C769-FE86-B024-12DB9C6585D7}.Debug|OSX.ActiveCfg = Debug OSX|x64
		{DBC7D3B0-C769-FE86-B024-12DB9C6585D7}.Debug|OSX.Build.0 = Debug OSX|x64
		{DBC7D3B0-C769-FE86-B024-12DB9C6585D7}.Debug|Windows.ActiveCfg = Debug Windows|x64
		{DBC7D3B0-C769-FE86-B024-12DB9C6585D7}.Debug|Windows.Build.0 = Debug Windows|x64
		{DBC7D3B0-C769-FE86-B024-12DB9C6585D7}.Production|OSX.ActiveCfg = Production OSX|x64
		{DBC7D3B0-C769-FE86-B024-12DB9C6585D7}.Production|OSX.Build.0 = Production OSX|x64
		{DBC7D3B0-C769-FE86-B024-12DB9C6585D7}.Production|Windows.ActiveCfg = Production Windows|x64
		{DBC7D3B0-C769-FE86-B024-12DB9C6585D7}.Production|Windows.Build.0 = Production Windows|x64
		{DBC7D3B0-C769-FE86-B024-12DB9C6585D7}.Release|OSX.ActiveCfg = Release OSX|x64
		{DBC7D3B0-C769-FE86-B024-12DB9C6585D7}.Release|OSX.Build.0 = Release OSX|x64
		{DBC7D3B0-C769-FE86-B024-12DB9C6585D7}.Release|Windows.ActiveCfg = Release Windows|x64
		{DBC7D3B0-C769-FE86-B024-12DB9C6585D7}.Release|Windows.Build.0 = Release Windows|x64
		{7C6018E5-E8CA-CC5B-3109-7E019DB2AAB0}.Debug|OSX.ActiveCfg = Debug OSX|x64
		{7C6018E5-E8CA-CC5B-3109-7E019DB2AAB0}.Debug|OSX.Build.0 = Debug OSX|x64
		{7C6018E5-E8CA-CC5B-3109-7E019DB2AAB0}.Debug|Windows.ActiveCfg = Debug Windows|x64
		{7C6018E5-E8CA-CC5B-3109-7E019DB2AAB0}.Debug|Windows.Build.0 = Debug Windows|x64
		{7C6018E5-E8CA-CC5B-3109-7E019DB2AAB0}.Production|OSX.ActiveCfg = Production OSX|x64
		{7C6018E5-E8CA-CC5B-3109-7E019DB2AAB0}.Production|OSX.Build.0 = Production OSX|x64
		{7C6018E5-E8CA-CC5B-3109-7E019DB2AAB0}.Production|Windows.ActiveCfg = Production Windows|x64
		{7C6018E5-E8CA-CC5B-3109-7E019DB2AAB0}.Production|Windows.Build.0 = Production Windows|x64
		{7C6018E5-E8CA-CC5B-3109-7E019DB2AAB0}.Release|OSX.ActiveCfg = Release OSX|x64
		{7C6018E5-E8CA-CC5B-3109-7E019DB2AAB0}.Release|OSX.Build.0 = Release OSX|x64
		{7C6018E5-E8CA-CC5B-3109-7E019DB2AAB0}.Release|Windows.ActiveCfg = Release Windows|x64
		{7C6018E5-E8CA-CC5B-3109-7E019DB2AAB0}.Release|Windows.Build.0 = Release Windows|x64
		{7FA9857C-6BE0-860D-14CD-6C1000E3020F}.Debug|OSX.ActiveCfg = Debug OSX|x64
		{7FA9857C-6BE0-860D-14CD-6C1000E3020F}.Debug|OSX.Build.0 = Debug OSX|x64
		{7FA9857C-6BE0-860D-14CD-6C1000E3020F}.Debug|Windows.ActiveCfg = Debug Windows|x64
		{7FA9857C-6BE0-860D-14CD-6C1000E3020F}.Debug|Windows.Build.0 = Debug Windows|x64
		{7FA9857C-6BE0-860D-14CD-6C1000E3020F}.Production|OSX.ActiveCfg = Production OSX|x64
		{7FA9857C-6BE0-860D-14CD-6C1000E3020F}.Production|OSX.Build.0 = Production OSX|x64
		{7FA9857C-6BE0-860D-14CD-6C1000E3020F}.Production|Windows.ActiveCfg = Production Windows|x64
		{7FA9857C-6BE0-860D-14CD-6C1000E3020F}.Production|Windows.Build.0 = Production Windows|x64
		{7FA9857C-6BE0-860D-14CD-6C1000E3020F}.Release|OSX.ActiveCfg = Release OSX|x64
		{7FA9857C-6BE0-860D-14CD-6C1000E3020F}.Release|OSX.Build.0 = Release OSX|x64
		{7FA9857C-6BE0-860D-14CD-6C1000E3020F}.Release|Windows.ActiveCfg = Release Windows|x64
		{7FA9857C-6BE0-860D-14CD-6C1000E3020F}.Release|Windows.Build.0 = Release Windows|x64
		{A734B47A-136C-FC11-1C76-6035882C230B}.Debug|OSX.ActiveCfg = Debug OSX|x64
		{A734B47A-136C-FC11-1C76-6035882C230B}.Debug|OSX.Build.0 = Debug OSX|x64
		{A734B47A-136C-FC11-1C76-6035882C230B}.Debug|Windows.ActiveCfg = Debug Windows|x64
		{A734B47A-136C-FC11-1C76-6035882C230B}.Debug|Windows.Build.0 = Debug Windows|x64
		{A734B47A-136C-FC11-1C76-6035882C230B}.Production|OSX.ActiveCfg = Production OSX|x64
		{A734B47A-136C-FC11-1C76-6035882C230B}.Production|OSX.Build.0 = Production OSX|x64
		{A734B47A-136C-FC11-1C76-6035882C230B}.Production|Windows.ActiveCfg = Production Windows|x64
		{A734B47A-136C-FC11-1C76-6035882C230B}.Production|Windows.Build.0 = Production Windows|x64
		{A734B47A-136C-FC11-1C76-6035882C230B}.Release|OSX.ActiveCfg = Release OSX|x64
		{A734B47A-136C-FC11-1C76-6035882C230B}.Release|OSX.Build.0 = Release OSX|x64
		{A734B47A-136C-FC11-1C76-6035882C230B}.Release|Windows.ActiveCfg = Release Windows|x64
		{A734B47A-136C-FC11-1C76-6035882C230B}.Release|Windows.Build.0 = Release Windows|x64
		{32DFA3DE-9E16-EC75-A720-509913D7126F}.Debug|OSX.ActiveCfg = Debug OSX|x64
		{32DFA3DE-9E16-EC75-A720-509913D7126F}.Debug|OSX.Build.0 = Debug OSX|x64
		{32DFA3DE-9E16-EC75-A720-509913D7126F}.Debug|Windows.ActiveCfg = Debug Windows|x64
		{32DFA3DE-9E16-EC75-A720-509913D7126F}.Debug|Windows.Build.0 = Debug Windows|x64
		{32DFA3DE-9E16-EC75-A720-509913D7126F}.Production|OSX.ActiveCfg = Production OSX|x64
		{32DFA3DE-9E16-EC75-A720-509913D7126F}.Production|OSX.Build.0 = Production OSX|x64
		{32DFA3DE-9E16-EC75-A720-509913D7126F}.Production|Windows.ActiveCfg = Production Windows|x64
		{32DFA3DE-9E16-EC75-A720-509913D7126F}.Production|Windows.Build.0 = Production Windows|x64
		{32DFA3DE-9E16-EC75-A720-509913D7126F}.Release|OSX.ActiveCfg = Release OSX|x64
		{32DFA3DE-9E16-EC75-A720-509913D7126F}.Release|OSX.Build.0 = Release OSX|x64
		{32DFA3DE-9E16-EC75-A720-509913D7126F}.Release|Windows.ActiveCfg = Release Windows|x64
		{32DFA3DE-9E16-EC75-A720-509913D7126F}.Release|Windows.Build.0 = Release Windows|x64
		{7C480CD1-68EA-36A7-51A5-4AFB3DE6BDF7}.Debug|OSX.ActiveCfg = Debug OSX|x64
		{7C480CD1-68EA-36A7-51A5-4AFB3DE6BDF7}.Debug|OSX.Build.0 = Debug OSX|x64
		{7C480CD1-68EA-36A7-51A5-4AFB3DE6BDF7}.Debug|Windows.ActiveCfg = Debug Windows|x64
		{7C480CD1-68EA-36A7-51A5-4AFB3DE6BDF7}.Debug|Windows.Build.0 = Debug Windows|x64
		{7C480CD1-68EA-36A7-51A5-4AFB3DE6BDF7}.Production|OSX.ActiveCfg = Production OSX|x64
		{7C480CD1-68EA-36A7-51A5-4AFB3DE6BDF7}.Production|OSX.Build.0 = Production OSX|x64
		{7C480CD1-68EA-36A7-51A5-4AFB3DE6BDF7}.Production|Windows.ActiveCfg = Production Windows|x64
		{7C480CD1-68EA-36A7-51A5-4AFB3DE6BDF7}.Production|Windows.Build.0 = Production Windows|x64
		{7C480CD1-68EA-36A7-51A5-4AFB3DE6BDF7}.Release|OSX.ActiveCfg = Release OSX|x64
		{7C480CD1-68EA-36A7-51A5-4AFB3DE6BDF7}.Release|OSX.Build.0 = Release OSX|x64
		{7C480CD1-68EA-36A7-51A5-4AFB3DE6BDF7}.Release|Windows.ActiveCfg = Release Windows|x64
		{7C480CD1-68EA-36A7-51A5-4AFB3DE6BDF7}.Release|Windows.Build.0 = Release Windows|x64
	EndGlobalSection
	GlobalSection(SolutionProperties) = preSolution
		HideSolutionNode = FALSE
	EndGlobalSection
	GlobalSection(NestedProjects) = preSolution
		{57ACF9E2-4379-54EE-6C92-429658BE897C} = {F1ABF109-5D37-5FCE-6648-E2C2D252BBCE}
		{DBC7D3B0-C769-FE86-B024-12DB9C6585D7} = {15A0C35D-0158-05AB-6A5F-DE065636A09B}
		{7C6018E5-E8CA-CC5B-3109-7E019DB2AAB0} = {6F244A6A-5BF2-3D70-4486-AE9630F319D5}
		{7FA9857C-6BE0-860D-14CD-6C1000E3020F} = {6695C55D-524D-07AB-BB54-E006A72BA29B}
		{D9163517-45A6-F601-4EA2-D719BAB0310E} = {487E420B-B409-B0CF-BD1A-33C429250CD0}
		{A734B47A-136C-FC11-1C76-6035882C230B} = {D9163517-45A6-F601-4EA2-D719BAB0310E}
		{32DFA3DE-9E16-EC75-A720-509913D7126F} = {D9163517-45A6-F601-4EA2-D719BAB0310E}
		{7C480CD1-68EA-36A7-51A5-4AFB3DE6BDF7} = {487E420B-B409-B0CF-BD1A-33C429250CD0}
	EndGlobalSection
EndGlobal
